
Microsoft Visual Studio Solution File, Format Version 12.00
# Visual Studio Version 16
VisualStudioVersion = 16.0.29806.167
MinimumVisualStudioVersion = 10.0.40219.1
Project("{9A19103F-16F7-4668-BE54-9A1E7A4F7556}") = "HZY.Admin", "HZY.Admin\HZY.Admin.csproj", "{3BC18C29-1A9D-40F6-AD53-BE8EDF58259E}"
EndProject
Project("{9A19103F-16F7-4668-BE54-9A1E7A4F7556}") = "HZY.Models", "HZY.Models\HZY.Models.csproj", "{4849784D-A555-436F-880F-2C450D5A270C}"
EndProject
Project("{9A19103F-16F7-4668-BE54-9A1E7A4F7556}") = "HZY.Toolkit", "HZY.Toolkit\HZY.Toolkit.csproj", "{5D842F4F-FEC4-4E16-AA0C-70793F717CA7}"
EndProject
Project("{9A19103F-16F7-4668-BE54-9A1E7A4F7556}") = "HZY.EFCore", "HZY.EFCore\HZY.EFCore.csproj", "{A8A7314A-1C35-4602-B46C-3425B0CF0828}"
EndProject
Project("{2150E333-8FDC-42A3-9474-1A3956D46DE8}") = "001 Admin", "001 Admin", "{469430BA-1F79-4A89-B01F-BB158449B4C7}"
EndProject
Project("{2150E333-8FDC-42A3-9474-1A3956D46DE8}") = "004 EFCore", "004 EFCore", "{95B9C330-699E-11EA-BDFB-B91E4BFD53CF}"
EndProject
Project("{2150E333-8FDC-42A3-9474-1A3956D46DE8}") = "003 数据实体 Models", "003 数据实体 Models", "{ADA4B306-8206-43E8-96A4-31A1478320A8}"
EndProject
Project("{2150E333-8FDC-42A3-9474-1A3956D46DE8}") = "006 工具", "006 工具", "{59DFA2C3-1A2F-45C9-83CC-56F57F0D1455}"
EndProject
Project("{2150E333-8FDC-42A3-9474-1A3956D46DE8}") = "007SuperSocket", "007SuperSocket", "{59069038-CF30-4989-9CAF-8872AA52C12D}"
EndProject
Project("{9A19103F-16F7-4668-BE54-9A1E7A4F7556}") = "HZY.SocketService", "HZY.SocketService\HZY.SocketService.csproj", "{03A9D569-0C80-4CBF-A9AF-BE8F9049A4BD}"
EndProject
Project("{9A19103F-16F7-4668-BE54-9A1E7A4F7556}") = "WechatMall.WX", "WechatMall.WX\WechatMall.WX.csproj", "{77CDD008-2A55-4C85-8C82-A5A87AC175DB}"
EndProject
Project("{9A19103F-16F7-4668-BE54-9A1E7A4F7556}") = "HZY.DapperCore", "HZY.DapperCore\HZY.DapperCore.csproj", "{53BC421A-E1D8-4EAB-952F-50F953C0FBCF}"
EndProject
Global
	GlobalSection(SolutionConfigurationPlatforms) = preSolution
		Debug|Any CPU = Debug|Any CPU
		Release|Any CPU = Release|Any CPU
	EndGlobalSection
	GlobalSection(ProjectConfigurationPlatforms) = postSolution
		{3BC18C29-1A9D-40F6-AD53-BE8EDF58259E}.Debug|Any CPU.ActiveCfg = Debug|Any CPU
		{3BC18C29-1A9D-40F6-AD53-BE8EDF58259E}.Debug|Any CPU.Build.0 = Debug|Any CPU
		{3BC18C29-1A9D-40F6-AD53-BE8EDF58259E}.Release|Any CPU.ActiveCfg = Release|Any CPU
		{3BC18C29-1A9D-40F6-AD53-BE8EDF58259E}.Release|Any CPU.Build.0 = Release|Any CPU
		{4849784D-A555-436F-880F-2C450D5A270C}.Debug|Any CPU.ActiveCfg = Debug|Any CPU
		{4849784D-A555-436F-880F-2C450D5A270C}.Debug|Any CPU.Build.0 = Debug|Any CPU
		{4849784D-A555-436F-880F-2C450D5A270C}.Release|Any CPU.ActiveCfg = Release|Any CPU
		{4849784D-A555-436F-880F-2C450D5A270C}.Release|Any CPU.Build.0 = Release|Any CPU
		{5D842F4F-FEC4-4E16-AA0C-70793F717CA7}.Debug|Any CPU.ActiveCfg = Debug|Any CPU
		{5D842F4F-FEC4-4E16-AA0C-70793F717CA7}.Debug|Any CPU.Build.0 = Debug|Any CPU
		{5D842F4F-FEC4-4E16-AA0C-70793F717CA7}.Release|Any CPU.ActiveCfg = Release|Any CPU
		{5D842F4F-FEC4-4E16-AA0C-70793F717CA7}.Release|Any CPU.Build.0 = Release|Any CPU
		{A8A7314A-1C35-4602-B46C-3425B0CF0828}.Debug|Any CPU.ActiveCfg = Debug|Any CPU
		{A8A7314A-1C35-4602-B46C-3425B0CF0828}.Debug|Any CPU.Build.0 = Debug|Any CPU
		{A8A7314A-1C35-4602-B46C-3425B0CF0828}.Release|Any CPU.ActiveCfg = Release|Any CPU
		{A8A7314A-1C35-4602-B46C-3425B0CF0828}.Release|Any CPU.Build.0 = Release|Any CPU
		{03A9D569-0C80-4CBF-A9AF-BE8F9049A4BD}.Debug|Any CPU.ActiveCfg = Debug|Any CPU
		{03A9D569-0C80-4CBF-A9AF-BE8F9049A4BD}.Debug|Any CPU.Build.0 = Debug|Any CPU
		{03A9D569-0C80-4CBF-A9AF-BE8F9049A4BD}.Release|Any CPU.ActiveCfg = Release|Any CPU
		{03A9D569-0C80-4CBF-A9AF-BE8F9049A4BD}.Release|Any CPU.Build.0 = Release|Any CPU
		{77CDD008-2A55-4C85-8C82-A5A87AC175DB}.Debug|Any CPU.ActiveCfg = Debug|Any CPU
		{77CDD008-2A55-4C85-8C82-A5A87AC175DB}.Debug|Any CPU.Build.0 = Debug|Any CPU
		{77CDD008-2A55-4C85-8C82-A5A87AC175DB}.Release|Any CPU.ActiveCfg = Release|Any CPU
		{77CDD008-2A55-4C85-8C82-A5A87AC175DB}.Release|Any CPU.Build.0 = Release|Any CPU
		{53BC421A-E1D8-4EAB-952F-50F953C0FBCF}.Debug|Any CPU.ActiveCfg = Debug|Any CPU
		{53BC421A-E1D8-4EAB-952F-50F953C0FBCF}.Debug|Any CPU.Build.0 = Debug|Any CPU
		{53BC421A-E1D8-4EAB-952F-50F953C0FBCF}.Release|Any CPU.ActiveCfg = Release|Any CPU
		{53BC421A-E1D8-4EAB-952F-50F953C0FBCF}.Release|Any CPU.Build.0 = Release|Any CPU
	EndGlobalSection
	GlobalSection(SolutionProperties) = preSolution
		HideSolutionNode = FALSE
	EndGlobalSection
	GlobalSection(NestedProjects) = preSolution
		{3BC18C29-1A9D-40F6-AD53-BE8EDF58259E} = {469430BA-1F79-4A89-B01F-BB158449B4C7}
		{4849784D-A555-436F-880F-2C450D5A270C} = {ADA4B306-8206-43E8-96A4-31A1478320A8}
		{5D842F4F-FEC4-4E16-AA0C-70793F717CA7} = {59DFA2C3-1A2F-45C9-83CC-56F57F0D1455}
		{A8A7314A-1C35-4602-B46C-3425B0CF0828} = {95B9C330-699E-11EA-BDFB-B91E4BFD53CF}
		{03A9D569-0C80-4CBF-A9AF-BE8F9049A4BD} = {59069038-CF30-4989-9CAF-8872AA52C12D}
		{77CDD008-2A55-4C85-8C82-A5A87AC175DB} = {59DFA2C3-1A2F-45C9-83CC-56F57F0D1455}
		{53BC421A-E1D8-4EAB-952F-50F953C0FBCF} = {95B9C330-699E-11EA-BDFB-B91E4BFD53CF}
	EndGlobalSection
	GlobalSection(ExtensibilityGlobals) = postSolution
		SolutionGuid = {B9B7CF42-77AB-4663-80FE-C75D9C3D7E27}
	EndGlobalSection
EndGlobal
